Microsoft Visual Studio Solution File, Format Version 11.00
# Visual Studio 2008

Project("{E32A8DF3-8DDE-B167-D90C-464895D4DD43}") = "UnityProject2D", "Assembly-CSharp.csproj", "{B27F6354-A91C-DD08-FBA7-1965704A6C2D}"
EndProject
Global
	GlobalSection(SolutionConfigurationPlatforms) = preSolution
		Debug|Any CPU = Debug|Any CPU
		Release|Any CPU = Release|Any CPU
	EndGlobalSection
	GlobalSection(ProjectConfigurationPlatforms) = postSolution
		{B27F6354-A91C-DD08-FBA7-1965704A6C2D}.Debug|Any CPU.ActiveCfg = Debug|Any CPU
		{B27F6354-A91C-DD08-FBA7-1965704A6C2D}.Debug|Any CPU.Build.0 = Debug|Any CPU
		{B27F6354-A91C-DD08-FBA7-1965704A6C2D}.Release|Any CPU.ActiveCfg = Release|Any CPU
		{B27F6354-A91C-DD08-FBA7-1965704A6C2D}.Release|Any CPU.Build.0 = Release|Any CPU
	EndGlobalSection
	GlobalSection(SolutionProperties) = preSolution
		HideSolutionNode = FALSE
	EndGlobalSection
																																																																																																	GlobalSection(MonoDevelopProperties) = preSolution
		StartupItem = Assembly-CSharp.csproj
		Policies = $0
		$0.TextStylePolicy = $1
		$1.inheritsSet = null
		$1.scope = text/x-csharp
		$0.CSharpFormattingPolicy = $2
		$2.inheritsSet = Mono
		$2.inheritsScope = text/x-csharp
		$2.scope = text/x-csharp
		$0.TextStylePolicy = $3
		$3.FileWidth = 120
		$3.TabWidth = 4
		$3.IndentWidth = 4
		$3.EolMarker = Unix
		$3.inheritsSet = Mono
		$3.inheritsScope = text/plain
		$3.scope = text/plain
	EndGlobalSection

EndGlobal
